
Microsoft Visual Studio Solution File, Format Version 12.00
# Visual Studio 15
VisualStudioVersion = 15.0.27703.2026
MinimumVisualStudioVersion = 10.0.40219.1
Project("{FAE04EC0-301F-11D3-BF4B-00C04F79EFBC}") = "AzureCosmosDBApplication", "AzureCosmosDBApplication\AzureCosmosDBApplication.csproj", "{13447B35-60F0-4C00-9903-3CF02FF427B0}"
EndProject
Global
	GlobalSection(SolutionConfigurationPlatforms) = preSolution
		Debug|Any CPU = Debug|Any CPU
		Release|Any CPU = Release|Any CPU
	EndGlobalSection
	GlobalSection(ProjectConfigurationPlatforms) = postSolution
		{13447B35-60F0-4C00-9903-3CF02FF427B0}.Debug|Any CPU.ActiveCfg = Debug|Any CPU
		{13447B35-60F0-4C00-9903-3CF02FF427B0}.Debug|Any CPU.Build.0 = Debug|Any CPU
		{13447B35-60F0-4C00-9903-3CF02FF427B0}.Release|Any CPU.ActiveCfg = Release|Any CPU
		{13447B35-60F0-4C00-9903-3CF02FF427B0}.Release|Any CPU.Build.0 = Release|Any CPU
	EndGlobalSection
	GlobalSection(SolutionProperties) = preSolution
		HideSolutionNode = FALSE
	EndGlobalSection
	GlobalSection(ExtensibilityGlobals) = postSolution
		SolutionGuid = {ABDFFF5F-1E48-4265-A313-EA05931D9642}
	EndGlobalSection
EndGlobal
